
Microsoft Visual Studio Solution File, Format Version 12.00
# Visual Studio Version 16
VisualStudioVersion = 16.0.30523.141
MinimumVisualStudioVersion = 10.0.40219.1
Project("{9A19103F-16F7-4668-BE54-9A1E7A4F7556}") = "MyFirstConsoleApp", "ConsoleApp1\MyFirstConsoleApp.csproj", "{0502405C-6BC9-4F2D-AA31-6696DB687B8F}"
EndProject
Global
	GlobalSection(SolutionConfigurationPlatforms) = preSolution
		Debug|Any CPU = Debug|Any CPU
		Release|Any CPU = Release|Any CPU
	EndGlobalSection
	GlobalSection(ProjectConfigurationPlatforms) = postSolution
		{0502405C-6BC9-4F2D-AA31-6696DB687B8F}.Debug|Any CPU.ActiveCfg = Debug|Any CPU
		{0502405C-6BC9-4F2D-AA31-6696DB687B8F}.Debug|Any CPU.Build.0 = Debug|Any CPU
		{0502405C-6BC9-4F2D-AA31-6696DB687B8F}.Release|Any CPU.ActiveCfg = Release|Any CPU
		{0502405C-6BC9-4F2D-AA31-6696DB687B8F}.Release|Any CPU.Build.0 = Release|Any CPU
	EndGlobalSection
	GlobalSection(SolutionProperties) = preSolution
		HideSolutionNode = FALSE
	EndGlobalSection
	GlobalSection(ExtensibilityGlobals) = postSolution
		SolutionGuid = {0ACAD2A5-D939-44E9-846F-D99E80A320D7}
	EndGlobalSection
EndGlobal
